{
  "version": "2",
  "remote": {
    "https://deno.land/std@0.168.0/_util/asserts.ts": "d0844e9b62510f89ce1f9878b046f6a57bf88f208a10304aab50efcb48365272",
    "https://deno.land/std@0.168.0/bytes/copy.ts": "d14a58f188a997ee0d2ba696d0c82a42f4fb4b6705e90a4238b77d7644dae24c",
    "https://deno.land/std@0.168.0/fmt/colors.ts": "03ad95e543d2808bc43c17a3dd29d25b43d0f16287fe562a0be89bf632454a12",
    "https://deno.land/std@0.168.0/fs/exists.ts": "6a447912e49eb79cc640adacfbf4b0baf8e17ede6d5bed057062ce33c4fa0d68",
    "https://deno.land/std@0.168.0/io/buf_writer.ts": "b1ee5325cec3386596c67b1c7510bfc7e42b2f505060fe2e9d6536cdefdbb30c",
    "https://deno.land/std@0.168.0/io/types.d.ts": "790d3a3fa6b7f298d4cfbcf8bfd9d4be595c1b1acaa3eebb3009177df98bf93c",
    "https://deno.land/std@0.168.0/log/handlers.ts": "b79b5eaf8681b17c507d9d0c2de22853507e30d35fe336e306b36498506977b3",
    "https://deno.land/std@0.168.0/log/levels.ts": "3043c0bf69b1de718488feb6e0ded2d64f6aef362fe73f762b506f32b1029ea2",
    "https://deno.land/std@0.168.0/log/logger.ts": "83fb231064a38736fbfd078fe6624e21ed2537733de7baa1cdd749b8c3c9d991",
    "https://deno.land/std@0.168.0/log/mod.ts": "6ff372a706ecef125a9fd455931ae00741d6408562c84cf2fbdc35a2c2a840af",
    "https://esm.sh/ts-dedent@2.2.0": "fa35d9c1b4495d315f9d675e1435b32880a56cf915977318599e8f42b3018143",
    "https://esm.sh/v98/ts-dedent@2.2.0/deno/ts-dedent.js": "806fce1b30bbc0969d2bd560d1fb7f80be65eefe5644056182e76c83d65edb89",
    "https://esm.sh/v98/ts-dedent@2.2.0/dist/index.d.ts": "c555e7e9fdd3304839d04401a0034c82c9826f473dd5a081038611b666fd9a23"
  }
}
